
Microsoft Visual Studio Solution File, Format Version 12.00
# Visual Studio Version 16
VisualStudioVersion = 16.0.30803.129
MinimumVisualStudioVersion = 10.0.40219.1
Project("{FAE04EC0-301F-11D3-BF4B-00C04F79EFBC}") = "Generics", "Generics\Generics.csproj", "{F7A4C096-4F65-4D4A-9BB6-5154B938294A}"
EndProject
Global
	GlobalSection(SolutionConfigurationPlatforms) = preSolution
		Debug|Any CPU = Debug|Any CPU
		Release|Any CPU = Release|Any CPU
	EndGlobalSection
	GlobalSection(ProjectConfigurationPlatforms) = postSolution
		{F7A4C096-4F65-4D4A-9BB6-5154B938294A}.Debug|Any CPU.ActiveCfg = Debug|Any CPU
		{F7A4C096-4F65-4D4A-9BB6-5154B938294A}.Debug|Any CPU.Build.0 = Debug|Any CPU
		{F7A4C096-4F65-4D4A-9BB6-5154B938294A}.Release|Any CPU.ActiveCfg = Release|Any CPU
		{F7A4C096-4F65-4D4A-9BB6-5154B938294A}.Release|Any CPU.Build.0 = Release|Any CPU
	EndGlobalSection
	GlobalSection(SolutionProperties) = preSolution
		HideSolutionNode = FALSE
	EndGlobalSection
	GlobalSection(ExtensibilityGlobals) = postSolution
		SolutionGuid = {5D27C587-BD95-40FF-875B-EE57C46DEF7D}
	EndGlobalSection
EndGlobal
